Microsoft Visual Studio Solution File, Format Version 12.00
# Visual Studio Version 16
VisualStudioVersion = 16.0.30621.155
MinimumVisualStudioVersion = 10.0.40219.1
Project("{9A19103F-16F7-4668-BE54-9A1E7A4F7556}") = "TerrainGenerators", "Dungeons\TerrainGenerators.csproj", "{F7136740-B46E-4DED-9B6D-8115F695C9AE}"
EndProject
Global
	GlobalSection(SolutionConfigurationPlatforms) = preSolution
		Release|Any CPU = Release|Any CPU
	EndGlobalSection
	GlobalSection(ProjectConfigurationPlatforms) = postSolution
		{F7136740-B46E-4DED-9B6D-8115F695C9AE}.Release|Any CPU.ActiveCfg = Release|Any CPU
		{F7136740-B46E-4DED-9B6D-8115F695C9AE}.Release|Any CPU.Build.0 = Release|Any CPU
	EndGlobalSection
	GlobalSection(SolutionProperties) = preSolution
		HideSolutionNode = FALSE
	EndGlobalSection
	GlobalSection(ExtensibilityGlobals) = postSolution
		SolutionGuid = {7822e290-ec6c-49ec-b89e-bbe985396219}
	EndGlobalSection
EndGlobal
